
Microsoft Visual Studio Solution File, Format Version 12.00
# Visual Studio Version 16
VisualStudioVersion = 16.0.31205.134
MinimumVisualStudioVersion = 10.0.40219.1
Project("{FAE04EC0-301F-11D3-BF4B-00C04F79EFBC}") = "WinFormsApp", "TechnicalIceland\WinFormsApp.csproj", "{04A16D15-D8D0-40AC-93F0-3070B16E87A5}"
EndProject
Project("{FAE04EC0-301F-11D3-BF4B-00C04F79EFBC}") = "IcelandDev", "IcelandDev\IcelandDev.csproj", "{7BF2B019-177B-4DCA-949D-C6CA3A099DBA}"
EndProject
Project("{FAE04EC0-301F-11D3-BF4B-00C04F79EFBC}") = "IcelandDevTest", "IcelandDevTest\IcelandDevTest.csproj", "{F047E652-9671-40AC-BA29-AE951E3ED840}"
EndProject
Global
	GlobalSection(SolutionConfigurationPlatforms) = preSolution
		Debug|Any CPU = Debug|Any CPU
		Release|Any CPU = Release|Any CPU
	EndGlobalSection
	GlobalSection(ProjectConfigurationPlatforms) = postSolution
		{04A16D15-D8D0-40AC-93F0-3070B16E87A5}.Debug|Any CPU.ActiveCfg = Debug|Any CPU
		{04A16D15-D8D0-40AC-93F0-3070B16E87A5}.Debug|Any CPU.Build.0 = Debug|Any CPU
		{04A16D15-D8D0-40AC-93F0-3070B16E87A5}.Release|Any CPU.ActiveCfg = Release|Any CPU
		{04A16D15-D8D0-40AC-93F0-3070B16E87A5}.Release|Any CPU.Build.0 = Release|Any CPU
		{7BF2B019-177B-4DCA-949D-C6CA3A099DBA}.Debug|Any CPU.ActiveCfg = Debug|Any CPU
		{7BF2B019-177B-4DCA-949D-C6CA3A099DBA}.Debug|Any CPU.Build.0 = Debug|Any CPU
		{7BF2B019-177B-4DCA-949D-C6CA3A099DBA}.Release|Any CPU.ActiveCfg = Release|Any CPU
		{7BF2B019-177B-4DCA-949D-C6CA3A099DBA}.Release|Any CPU.Build.0 = Release|Any CPU
		{F047E652-9671-40AC-BA29-AE951E3ED840}.Debug|Any CPU.ActiveCfg = Debug|Any CPU
		{F047E652-9671-40AC-BA29-AE951E3ED840}.Debug|Any CPU.Build.0 = Debug|Any CPU
		{F047E652-9671-40AC-BA29-AE951E3ED840}.Release|Any CPU.ActiveCfg = Release|Any CPU
		{F047E652-9671-40AC-BA29-AE951E3ED840}.Release|Any CPU.Build.0 = Release|Any CPU
	EndGlobalSection
	GlobalSection(SolutionProperties) = preSolution
		HideSolutionNode = FALSE
	EndGlobalSection
	GlobalSection(ExtensibilityGlobals) = postSolution
		SolutionGuid = {57153D42-5C31-4161-8C71-140D94EDF4D3}
	EndGlobalSection
EndGlobal
